
Microsoft Visual Studio Solution File, Format Version 12.00
# Visual Studio Version 17
VisualStudioVersion = 17.11.35327.3
MinimumVisualStudioVersion = 10.0.40219.1
Project("{FAE04EC0-301F-11D3-BF4B-00C04F79EFBC}") = "Tractus.Hid.DaVinciSpeedEditor", "Tractus.Hid.DaVinciSpeedEditor.csproj", "{221845C4-F102-4E82-BD40-C5A9AF7106C1}"
EndProject
Global
	GlobalSection(SolutionConfigurationPlatforms) = preSolution
		Debug|Any CPU = Debug|Any CPU
		Release|Any CPU = Release|Any CPU
	EndGlobalSection
	GlobalSection(ProjectConfigurationPlatforms) = postSolution
		{221845C4-F102-4E82-BD40-C5A9AF7106C1}.Debug|Any CPU.ActiveCfg = Debug|Any CPU
		{221845C4-F102-4E82-BD40-C5A9AF7106C1}.Debug|Any CPU.Build.0 = Debug|Any CPU
		{221845C4-F102-4E82-BD40-C5A9AF7106C1}.Release|Any CPU.ActiveCfg = Release|Any CPU
		{221845C4-F102-4E82-BD40-C5A9AF7106C1}.Release|Any CPU.Build.0 = Release|Any CPU
	EndGlobalSection
	GlobalSection(SolutionProperties) = preSolution
		HideSolutionNode = FALSE
	EndGlobalSection
	GlobalSection(ExtensibilityGlobals) = postSolution
		SolutionGuid = {D18EBF1C-4ED2-4BE9-872E-A60606005E08}
	EndGlobalSection
EndGlobal
